
Microsoft Visual Studio Solution File, Format Version 12.00
# Visual Studio Version 17
VisualStudioVersion = 17.1.32421.90
MinimumVisualStudioVersion = 10.0.40219.1
Project("{FAE04EC0-301F-11D3-BF4B-00C04F79EFBC}") = "ConsoleApp1", "ConsoleApp1\ConsoleApp1.csproj", "{2BD861A5-4742-4245-A15B-6B6518AB0BCD}"
EndProject
Global
	GlobalSection(SolutionConfigurationPlatforms) = preSolution
		Debug|Any CPU = Debug|Any CPU
		Release|Any CPU = Release|Any CPU
	EndGlobalSection
	GlobalSection(ProjectConfigurationPlatforms) = postSolution
		{2BD861A5-4742-4245-A15B-6B6518AB0BCD}.Debug|Any CPU.ActiveCfg = Debug|Any CPU
		{2BD861A5-4742-4245-A15B-6B6518AB0BCD}.Debug|Any CPU.Build.0 = Debug|Any CPU
		{2BD861A5-4742-4245-A15B-6B6518AB0BCD}.Release|Any CPU.ActiveCfg = Release|Any CPU
		{2BD861A5-4742-4245-A15B-6B6518AB0BCD}.Release|Any CPU.Build.0 = Release|Any CPU
	EndGlobalSection
	GlobalSection(SolutionProperties) = preSolution
		HideSolutionNode = FALSE
	EndGlobalSection
	GlobalSection(ExtensibilityGlobals) = postSolution
		SolutionGuid = {8129002D-98D1-42D9-8162-26EB72E3CE26}
	EndGlobalSection
EndGlobal
